
Microsoft Visual Studio Solution File, Format Version 12.00
# Visual Studio Version 17
VisualStudioVersion = 17.3.32819.101
MinimumVisualStudioVersion = 10.0.40219.1
Project("{9A19103F-16F7-4668-BE54-9A1E7A4F7556}") = "Networknator", "Networknator.csproj", "{457BCC05-5EF5-4EAE-AE30-694D2E94C9C4}"
EndProject
Project("{9A19103F-16F7-4668-BE54-9A1E7A4F7556}") = "Networknator.Examples.Simple", "..\Networknator.Examples.Simple\Networknator.Examples.Simple.csproj", "{02AC8AAD-2114-4F33-B3DC-9F5779D6F11F}"
EndProject
Global
	GlobalSection(SolutionConfigurationPlatforms) = preSolution
		Debug|Any CPU = Debug|Any CPU
		ExportDebug|Any CPU = ExportDebug|Any CPU
		ExportRelease|Any CPU = ExportRelease|Any CPU
		Release|Any CPU = Release|Any CPU
	EndGlobalSection
	GlobalSection(ProjectConfigurationPlatforms) = postSolution
		{457BCC05-5EF5-4EAE-AE30-694D2E94C9C4}.Debug|Any CPU.ActiveCfg = Debug|Any CPU
		{457BCC05-5EF5-4EAE-AE30-694D2E94C9C4}.Debug|Any CPU.Build.0 = Debug|Any CPU
		{457BCC05-5EF5-4EAE-AE30-694D2E94C9C4}.ExportDebug|Any CPU.ActiveCfg = Debug|Any CPU
		{457BCC05-5EF5-4EAE-AE30-694D2E94C9C4}.ExportDebug|Any CPU.Build.0 = Debug|Any CPU
		{457BCC05-5EF5-4EAE-AE30-694D2E94C9C4}.ExportRelease|Any CPU.ActiveCfg = Release|Any CPU
		{457BCC05-5EF5-4EAE-AE30-694D2E94C9C4}.ExportRelease|Any CPU.Build.0 = Release|Any CPU
		{457BCC05-5EF5-4EAE-AE30-694D2E94C9C4}.Release|Any CPU.ActiveCfg = Release|Any CPU
		{457BCC05-5EF5-4EAE-AE30-694D2E94C9C4}.Release|Any CPU.Build.0 = Release|Any CPU
		{02AC8AAD-2114-4F33-B3DC-9F5779D6F11F}.Debug|Any CPU.ActiveCfg = Debug|Any CPU
		{02AC8AAD-2114-4F33-B3DC-9F5779D6F11F}.Debug|Any CPU.Build.0 = Debug|Any CPU
		{02AC8AAD-2114-4F33-B3DC-9F5779D6F11F}.ExportDebug|Any CPU.ActiveCfg = Debug|Any CPU
		{02AC8AAD-2114-4F33-B3DC-9F5779D6F11F}.ExportDebug|Any CPU.Build.0 = Debug|Any CPU
		{02AC8AAD-2114-4F33-B3DC-9F5779D6F11F}.ExportRelease|Any CPU.ActiveCfg = Release|Any CPU
		{02AC8AAD-2114-4F33-B3DC-9F5779D6F11F}.ExportRelease|Any CPU.Build.0 = Release|Any CPU
		{02AC8AAD-2114-4F33-B3DC-9F5779D6F11F}.Release|Any CPU.ActiveCfg = Release|Any CPU
		{02AC8AAD-2114-4F33-B3DC-9F5779D6F11F}.Release|Any CPU.Build.0 = Release|Any CPU
	EndGlobalSection
	GlobalSection(SolutionProperties) = preSolution
		HideSolutionNode = FALSE
	EndGlobalSection
	GlobalSection(ExtensibilityGlobals) = postSolution
		SolutionGuid = {451770E1-C461-4759-B02A-FF1413EC7724}
	EndGlobalSection
EndGlobal
